
Microsoft Visual Studio Solution File, Format Version 12.00
# Visual Studio 15
VisualStudioVersion = 15.0.28307.136
MinimumVisualStudioVersion = 10.0.40219.1
Project("{FAE04EC0-301F-11D3-BF4B-00C04F79EFBC}") = "AADB2C.Web", "AADB2C.Web\AADB2C.Web.csproj", "{1BECA5C8-3C42-402C-BFA6-68B11E0D301C}"
EndProject
Project("{FAE04EC0-301F-11D3-BF4B-00C04F79EFBC}") = "AADB2C.API", "AADB2C.API\AADB2C.API.csproj", "{48EAC2E6-3C17-4ADE-A248-5734382B6434}"
EndProject
Global
	GlobalSection(SolutionConfigurationPlatforms) = preSolution
		Debug|Any CPU = Debug|Any CPU
		Release|Any CPU = Release|Any CPU
	EndGlobalSection
	GlobalSection(ProjectConfigurationPlatforms) = postSolution
		{1BECA5C8-3C42-402C-BFA6-68B11E0D301C}.Debug|Any CPU.ActiveCfg = Debug|Any CPU
		{1BECA5C8-3C42-402C-BFA6-68B11E0D301C}.Debug|Any CPU.Build.0 = Debug|Any CPU
		{1BECA5C8-3C42-402C-BFA6-68B11E0D301C}.Release|Any CPU.ActiveCfg = Release|Any CPU
		{1BECA5C8-3C42-402C-BFA6-68B11E0D301C}.Release|Any CPU.Build.0 = Release|Any CPU
		{48EAC2E6-3C17-4ADE-A248-5734382B6434}.Debug|Any CPU.ActiveCfg = Debug|Any CPU
		{48EAC2E6-3C17-4ADE-A248-5734382B6434}.Debug|Any CPU.Build.0 = Debug|Any CPU
		{48EAC2E6-3C17-4ADE-A248-5734382B6434}.Release|Any CPU.ActiveCfg = Release|Any CPU
		{48EAC2E6-3C17-4ADE-A248-5734382B6434}.Release|Any CPU.Build.0 = Release|Any CPU
	EndGlobalSection
	GlobalSection(SolutionProperties) = preSolution
		HideSolutionNode = FALSE
	EndGlobalSection
	GlobalSection(ExtensibilityGlobals) = postSolution
		SolutionGuid = {C697C1FC-CF9E-4455-A555-2B2EFD69BB17}
	EndGlobalSection
EndGlobal
