
Microsoft Visual Studio Solution File, Format Version 12.00
# Visual Studio Version 16
VisualStudioVersion = 16.0.30406.217
MinimumVisualStudioVersion = 10.0.40219.1
Project("{9A19103F-16F7-4668-BE54-9A1E7A4F7556}") = "AADB2C.Web", "AADB2C.Web\AADB2C.Web.csproj", "{1BECA5C8-3C42-402C-BFA6-68B11E0D301C}"
EndProject
Project("{9A19103F-16F7-4668-BE54-9A1E7A4F7556}") = "AADB2C.API", "AADB2C.API\AADB2C.API.csproj", "{48EAC2E6-3C17-4ADE-A248-5734382B6434}"
EndProject
Project("{9A19103F-16F7-4668-BE54-9A1E7A4F7556}") = "AADB2C.WebJQuery", "AADB2C.WebJQuery\AADB2C.WebJQuery.csproj", "{5693C280-DE36-4976-B9D7-1843ED6B6FF9}"
EndProject
Project("{9A19103F-16F7-4668-BE54-9A1E7A4F7556}") = "AADB2C.Functions", "AADB2C.Functions\AADB2C.Functions.csproj", "{A0C81187-B282-40F2-9FB2-FB922E404602}"
EndProject
Project("{9A19103F-16F7-4668-BE54-9A1E7A4F7556}") = "AADB2C.WebAngular", "AADB2C.WebAngular\AADB2C.WebAngular.csproj", "{CA2DF617-73F8-4793-BCD9-33A9E3FA76C7}"
EndProject
Global
	GlobalSection(SolutionConfigurationPlatforms) = preSolution
		Debug|Any CPU = Debug|Any CPU
		Release|Any CPU = Release|Any CPU
	EndGlobalSection
	GlobalSection(ProjectConfigurationPlatforms) = postSolution
		{1BECA5C8-3C42-402C-BFA6-68B11E0D301C}.Debug|Any CPU.ActiveCfg = Debug|Any CPU
		{1BECA5C8-3C42-402C-BFA6-68B11E0D301C}.Debug|Any CPU.Build.0 = Debug|Any CPU
		{1BECA5C8-3C42-402C-BFA6-68B11E0D301C}.Release|Any CPU.ActiveCfg = Release|Any CPU
		{1BECA5C8-3C42-402C-BFA6-68B11E0D301C}.Release|Any CPU.Build.0 = Release|Any CPU
		{48EAC2E6-3C17-4ADE-A248-5734382B6434}.Debug|Any CPU.ActiveCfg = Debug|Any CPU
		{48EAC2E6-3C17-4ADE-A248-5734382B6434}.Debug|Any CPU.Build.0 = Debug|Any CPU
		{48EAC2E6-3C17-4ADE-A248-5734382B6434}.Release|Any CPU.ActiveCfg = Release|Any CPU
		{48EAC2E6-3C17-4ADE-A248-5734382B6434}.Release|Any CPU.Build.0 = Release|Any CPU
		{5693C280-DE36-4976-B9D7-1843ED6B6FF9}.Debug|Any CPU.ActiveCfg = Debug|Any CPU
		{5693C280-DE36-4976-B9D7-1843ED6B6FF9}.Debug|Any CPU.Build.0 = Debug|Any CPU
		{5693C280-DE36-4976-B9D7-1843ED6B6FF9}.Release|Any CPU.ActiveCfg = Release|Any CPU
		{5693C280-DE36-4976-B9D7-1843ED6B6FF9}.Release|Any CPU.Build.0 = Release|Any CPU
		{A0C81187-B282-40F2-9FB2-FB922E404602}.Debug|Any CPU.ActiveCfg = Debug|Any CPU
		{A0C81187-B282-40F2-9FB2-FB922E404602}.Debug|Any CPU.Build.0 = Debug|Any CPU
		{A0C81187-B282-40F2-9FB2-FB922E404602}.Release|Any CPU.ActiveCfg = Release|Any CPU
		{A0C81187-B282-40F2-9FB2-FB922E404602}.Release|Any CPU.Build.0 = Release|Any CPU
		{CA2DF617-73F8-4793-BCD9-33A9E3FA76C7}.Debug|Any CPU.ActiveCfg = Debug|Any CPU
		{CA2DF617-73F8-4793-BCD9-33A9E3FA76C7}.Debug|Any CPU.Build.0 = Debug|Any CPU
		{CA2DF617-73F8-4793-BCD9-33A9E3FA76C7}.Release|Any CPU.ActiveCfg = Release|Any CPU
		{CA2DF617-73F8-4793-BCD9-33A9E3FA76C7}.Release|Any CPU.Build.0 = Release|Any CPU
	EndGlobalSection
	GlobalSection(SolutionProperties) = preSolution
		HideSolutionNode = FALSE
	EndGlobalSection
	GlobalSection(ExtensibilityGlobals) = postSolution
		SolutionGuid = {C697C1FC-CF9E-4455-A555-2B2EFD69BB17}
	EndGlobalSection
EndGlobal
